// !$*UTF8*$!
{
	archiveVersion = 1;
	classes = {
	};
	objectVersion = 56;
	objects = {

/* Begin PBXBuildFile section */
		4A1000010000000000000001 /* ForgisMacApp.swift in Sources */ = {isa = PBXBuildFile; fileRef = 4A2000010000000000000001 /* ForgisMacApp.swift */; };
		4A1000010000000000000002 /* ForgisRootView.swift in Sources */ = {isa = PBXBuildFile; fileRef = 4A2000010000000000000002 /* ForgisRootView.swift */; };
		4A1000010000000000000003 /* ForgisDesign.swift in Sources */ = {isa = PBXBuildFile; fileRef = 4A2000010000000000000003 /* ForgisDesign.swift */; };
		4A1000010000000000000004 /* ForgisModels.swift in Sources */ = {isa = PBXBuildFile; fileRef = 4A2000010000000000000004 /* ForgisModels.swift */; };
		4A1000010000000000000005 /* ForgisComponents.swift in Sources */ = {isa = PBXBuildFile; fileRef = 4A2000010000000000000005 /* ForgisComponents.swift */; };
		4A1000010000000000000006 /* ForgisViews.swift in Sources */ = {isa = PBXBuildFile; fileRef = 4A2000010000000000000006 /* ForgisViews.swift */; };
		4A1000010000000000000007 /* ForgisRuntimeSession.swift in Sources */ = {isa = PBXBuildFile; fileRef = 4A2000010000000000000008 /* ForgisRuntimeSession.swift */; };
		4A1000010000000000000008 /* ForgisRuntimeStorage.swift in Sources */ = {isa = PBXBuildFile; fileRef = 4A2000010000000000000009 /* ForgisRuntimeStorage.swift */; };
		4A1000010000000000000009 /* ForgisRuntimeViews.swift in Sources */ = {isa = PBXBuildFile; fileRef = 4A200001000000000000000A /* ForgisRuntimeViews.swift */; };
		4A100001000000000000000C /* ForgisCodexRuntimeBootstrap.swift in Sources */ = {isa = PBXBuildFile; fileRef = 4A200001000000000000000D /* ForgisCodexRuntimeBootstrap.swift */; };
		4A100001000000000000000D /* IntatisCore in Frameworks */ = {isa = PBXBuildFile; productRef = 4AC000010000000000000001 /* IntatisCore */; };
		4A100001000000000000000E /* IntatisCodexRuntime in Frameworks */ = {isa = PBXBuildFile; productRef = 4AC000010000000000000002 /* IntatisCodexRuntime */; };
		4A100001000000000000000F /* ForgisCodexRuntimeSmoke.swift in Sources */ = {isa = PBXBuildFile; fileRef = 4A200001000000000000000E /* ForgisCodexRuntimeSmoke.swift */; };
		4A1000010000000000000010 /* IntatisProtocol in Frameworks */ = {isa = PBXBuildFile; productRef = 4AC000010000000000000003 /* IntatisProtocol */; };
		4A1000010000000000000011 /* IntatisProviders in Frameworks */ = {isa = PBXBuildFile; productRef = 4AC000010000000000000004 /* IntatisProviders */; };
/* End PBXBuildFile section */

/* Begin PBXFileReference section */
		4A2000010000000000000001 /* ForgisMacApp.swift */ = {isa = PBXFileReference; lastKnownFileType = sourcecode.swift; path = ForgisMacApp.swift; sourceTree = "<group>"; };
		4A2000010000000000000002 /* ForgisRootView.swift */ = {isa = PBXFileReference; lastKnownFileType = sourcecode.swift; path = ForgisRootView.swift; sourceTree = "<group>"; };
		4A2000010000000000000003 /* ForgisDesign.swift */ = {isa = PBXFileReference; lastKnownFileType = sourcecode.swift; path = ForgisDesign.swift; sourceTree = "<group>"; };
		4A2000010000000000000004 /* ForgisModels.swift */ = {isa = PBXFileReference; lastKnownFileType = sourcecode.swift; path = ForgisModels.swift; sourceTree = "<group>"; };
		4A2000010000000000000005 /* ForgisComponents.swift */ = {isa = PBXFileReference; lastKnownFileType = sourcecode.swift; path = ForgisComponents.swift; sourceTree = "<group>"; };
		4A2000010000000000000006 /* ForgisViews.swift */ = {isa = PBXFileReference; lastKnownFileType = sourcecode.swift; path = ForgisViews.swift; sourceTree = "<group>"; };
		4A2000010000000000000007 /* ForgisMac.app */ = {isa = PBXFileReference; explicitFileType = wrapper.application; includeInIndex = 0; path = ForgisMac.app; sourceTree = BUILT_PRODUCTS_DIR; };
		4A2000010000000000000008 /* ForgisRuntimeSession.swift */ = {isa = PBXFileReference; lastKnownFileType = sourcecode.swift; path = ForgisRuntimeSession.swift; sourceTree = "<group>"; };
		4A2000010000000000000009 /* ForgisRuntimeStorage.swift */ = {isa = PBXFileReference; lastKnownFileType = sourcecode.swift; path = ForgisRuntimeStorage.swift; sourceTree = "<group>"; };
		4A200001000000000000000A /* ForgisRuntimeViews.swift */ = {isa = PBXFileReference; lastKnownFileType = sourcecode.swift; path = ForgisRuntimeViews.swift; sourceTree = "<group>"; };
		4A200001000000000000000D /* ForgisCodexRuntimeBootstrap.swift */ = {isa = PBXFileReference; lastKnownFileType = sourcecode.swift; path = ForgisCodexRuntimeBootstrap.swift; sourceTree = "<group>"; };
		4A200001000000000000000E /* ForgisCodexRuntimeSmoke.swift */ = {isa = PBXFileReference; lastKnownFileType = sourcecode.swift; path = ForgisCodexRuntimeSmoke.swift; sourceTree = "<group>"; };
/* End PBXFileReference section */

/* Begin PBXFrameworksBuildPhase section */
		4A3000010000000000000001 /* Frameworks */ = {
			isa = PBXFrameworksBuildPhase;
			buildActionMask = 2147483647;
			files = (
				4A100001000000000000000D /* IntatisCore in Frameworks */,
				4A100001000000000000000E /* IntatisCodexRuntime in Frameworks */,
				4A1000010000000000000010 /* IntatisProtocol in Frameworks */,
				4A1000010000000000000011 /* IntatisProviders in Frameworks */,
			);
			runOnlyForDeploymentPostprocessing = 0;
		};
/* End PBXFrameworksBuildPhase section */

/* Begin PBXGroup section */
		4A4000010000000000000001 = {
			isa = PBXGroup;
			children = (
				4A4000010000000000000002 /* Apps */,
				4A4000010000000000000006 /* Products */,
			);
			sourceTree = "<group>";
		};
		4A4000010000000000000002 /* Apps */ = {
			isa = PBXGroup;
			children = (
				4A4000010000000000000003 /* ForgisMac */,
			);
			path = Apps;
			sourceTree = "<group>";
		};
		4A4000010000000000000003 /* ForgisMac */ = {
			isa = PBXGroup;
			children = (
				4A4000010000000000000004 /* Sources */,
			);
			path = ForgisMac;
			sourceTree = "<group>";
		};
		4A4000010000000000000004 /* Sources */ = {
			isa = PBXGroup;
			children = (
				4A2000010000000000000001 /* ForgisMacApp.swift */,
				4A2000010000000000000002 /* ForgisRootView.swift */,
				4A2000010000000000000003 /* ForgisDesign.swift */,
				4A2000010000000000000004 /* ForgisModels.swift */,
				4A2000010000000000000005 /* ForgisComponents.swift */,
				4A2000010000000000000006 /* ForgisViews.swift */,
				4A2000010000000000000008 /* ForgisRuntimeSession.swift */,
				4A2000010000000000000009 /* ForgisRuntimeStorage.swift */,
				4A200001000000000000000A /* ForgisRuntimeViews.swift */,
				4A200001000000000000000D /* ForgisCodexRuntimeBootstrap.swift */,
				4A200001000000000000000E /* ForgisCodexRuntimeSmoke.swift */,
			);
			path = Sources;
			sourceTree = "<group>";
		};
		4A4000010000000000000006 /* Products */ = {
			isa = PBXGroup;
			children = (
				4A2000010000000000000007 /* ForgisMac.app */,
			);
			name = Products;
			sourceTree = "<group>";
		};
/* End PBXGroup section */

/* Begin PBXNativeTarget section */
		4A5000010000000000000001 /* ForgisMac */ = {
			isa = PBXNativeTarget;
			buildConfigurationList = 4A9000010000000000000002 /* Build configuration list for PBXNativeTarget "ForgisMac" */;
			buildPhases = (
				4A7000010000000000000001 /* Sources */,
				4A3000010000000000000001 /* Frameworks */,
				4A8000010000000000000001 /* Resources */,
				4AD000010000000000000001 /* Embed Exact Codex Runtime */,
			);
			buildRules = (
			);
			dependencies = (
			);
			name = ForgisMac;
			packageProductDependencies = (
				4AC000010000000000000001 /* IntatisCore */,
				4AC000010000000000000002 /* IntatisCodexRuntime */,
				4AC000010000000000000003 /* IntatisProtocol */,
				4AC000010000000000000004 /* IntatisProviders */,
			);
			productName = ForgisMac;
			productReference = 4A2000010000000000000007 /* ForgisMac.app */;
			productType = "com.apple.product-type.application";
		};
/* End PBXNativeTarget section */

/* Begin PBXProject section */
		4A6000010000000000000001 /* Project object */ = {
			isa = PBXProject;
			attributes = {
				BuildIndependentTargetsInParallel = 1;
				LastSwiftUpdateCheck = 1600;
				LastUpgradeCheck = 1600;
				TargetAttributes = {
					4A5000010000000000000001 = {
						CreatedOnToolsVersion = 16.0;
					};
				};
			};
			buildConfigurationList = 4A9000010000000000000001 /* Build configuration list for PBXProject "Forgis" */;
			compatibilityVersion = "Xcode 14.0";
			developmentRegion = en;
			hasScannedForEncodings = 0;
			knownRegions = (
				en,
				Base,
			);
			mainGroup = 4A4000010000000000000001;
			packageReferences = (
				4AB000010000000000000001 /* XCLocalSwiftPackageReference "../Intatis" */,
			);
			productRefGroup = 4A4000010000000000000006 /* Products */;
			projectDirPath = "";
			projectRoot = "";
			targets = (
				4A5000010000000000000001 /* ForgisMac */,
			);
		};
/* End PBXProject section */

/* Begin PBXResourcesBuildPhase section */
		4A8000010000000000000001 /* Resources */ = {
			isa = PBXResourcesBuildPhase;
			buildActionMask = 2147483647;
			files = (
			);
			runOnlyForDeploymentPostprocessing = 0;
		};
/* End PBXResourcesBuildPhase section */

/* Begin PBXShellScriptBuildPhase section */
		4AD000010000000000000001 /* Embed Exact Codex Runtime */ = {
			isa = PBXShellScriptBuildPhase;
			alwaysOutOfDate = 1;
			buildActionMask = 2147483647;
			files = (
			);
			inputFileListPaths = (
			);
			inputPaths = (
			);
			name = "Embed Exact Codex Runtime";
			outputFileListPaths = (
			);
			outputPaths = (
			);
			runOnlyForDeploymentPostprocessing = 0;
			shellPath = /bin/zsh;
			shellScript = "set -euo pipefail\nruntime_kit=\"${FORGIS_RUNTIME_KIT_ROOT:-$SRCROOT/../Intatis/.intatis/runtime-kit/0.66}\"\nfor architecture in ${ARCHS}; do\n  case \"$architecture\" in\n    arm64|x86_64) ;;\n    *) echo \"error: unsupported Codex runtime architecture: $architecture\" >&2; exit 1 ;;\n  esac\n  source_root=\"$runtime_kit/CodexRuntime/$architecture\"\n  test -d \"$source_root\"\n  /bin/zsh \"$SRCROOT/../Intatis/scripts/validate-codex-runtime.sh\" \"$source_root\" \"$architecture\" \"\" static\n  destination=\"$TARGET_BUILD_DIR/$UNLOCALIZED_RESOURCES_FOLDER_PATH/CodexRuntime/$architecture\"\n  /bin/mkdir -p \"$destination\"\n  /usr/bin/ditto \"$source_root\" \"$destination\"\ndone\n";
		};
/* End PBXShellScriptBuildPhase section */

/* Begin PBXSourcesBuildPhase section */
		4A7000010000000000000001 /* Sources */ = {
			isa = PBXSourcesBuildPhase;
			buildActionMask = 2147483647;
			files = (
				4A1000010000000000000001 /* ForgisMacApp.swift in Sources */,
				4A1000010000000000000002 /* ForgisRootView.swift in Sources */,
				4A1000010000000000000003 /* ForgisDesign.swift in Sources */,
				4A1000010000000000000004 /* ForgisModels.swift in Sources */,
				4A1000010000000000000005 /* ForgisComponents.swift in Sources */,
				4A1000010000000000000006 /* ForgisViews.swift in Sources */,
				4A1000010000000000000007 /* ForgisRuntimeSession.swift in Sources */,
				4A1000010000000000000008 /* ForgisRuntimeStorage.swift in Sources */,
				4A1000010000000000000009 /* ForgisRuntimeViews.swift in Sources */,
				4A100001000000000000000C /* ForgisCodexRuntimeBootstrap.swift in Sources */,
				4A100001000000000000000F /* ForgisCodexRuntimeSmoke.swift in Sources */,
			);
			runOnlyForDeploymentPostprocessing = 0;
		};
/* End PBXSourcesBuildPhase section */

/* Begin XCBuildConfiguration section */
		4AA000010000000000000001 /* Debug */ = {
			isa = XCBuildConfiguration;
			buildSettings = {
				ALWAYS_SEARCH_USER_PATHS = NO;
				CLANG_ANALYZER_NONNULL = YES;
				CLANG_ANALYZER_NUMBER_OBJECT_CONVERSION = YES_AGGRESSIVE;
				CLANG_CXX_LANGUAGE_STANDARD = "gnu++20";
				CLANG_ENABLE_MODULES = YES;
				CLANG_ENABLE_OBJC_ARC = YES;
				CLANG_ENABLE_OBJC_WEAK = YES;
				CLANG_WARN_BLOCK_CAPTURE_AUTORELEASING = YES;
				CLANG_WARN_BOOL_CONVERSION = YES;
				CLANG_WARN_COMMA = YES;
				CLANG_WARN_CONSTANT_CONVERSION = YES;
				CLANG_WARN_DEPRECATED_OBJC_IMPLEMENTATIONS = YES;
				CLANG_WARN_DIRECT_OBJC_ISA_USAGE = YES_ERROR;
				CLANG_WARN_DOCUMENTATION_COMMENTS = YES;
				CLANG_WARN_EMPTY_BODY = YES;
				CLANG_WARN_ENUM_CONVERSION = YES;
				CLANG_WARN_INFINITE_RECURSION = YES;
				CLANG_WARN_INT_CONVERSION = YES;
				CLANG_WARN_NON_LITERAL_NULL_CONVERSION = YES;
				CLANG_WARN_OBJC_IMPLICIT_RETAIN_SELF = YES;
				CLANG_WARN_OBJC_LITERAL_CONVERSION = YES;
				CLANG_WARN_OBJC_ROOT_CLASS = YES_ERROR;
				CLANG_WARN_QUOTED_INCLUDE_IN_FRAMEWORK_HEADER = YES;
				CLANG_WARN_RANGE_LOOP_ANALYSIS = YES;
				CLANG_WARN_STRICT_PROTOTYPES = YES;
				CLANG_WARN_SUSPICIOUS_MOVE = YES;
				CLANG_WARN_UNGUARDED_AVAILABILITY = YES_AGGRESSIVE;
				CLANG_WARN_UNREACHABLE_CODE = YES;
				CLANG_WARN__DUPLICATE_METHOD_MATCH = YES;
				COPY_PHASE_STRIP = NO;
				DEBUG_INFORMATION_FORMAT = dwarf;
				ENABLE_STRICT_OBJC_MSGSEND = YES;
				ENABLE_TESTABILITY = YES;
				GCC_C_LANGUAGE_STANDARD = gnu17;
				GCC_DYNAMIC_NO_PIC = NO;
				GCC_NO_COMMON_BLOCKS = YES;
				GCC_OPTIMIZATION_LEVEL = 0;
				GCC_PREPROCESSOR_DEFINITIONS = (
					"DEBUG=1",
					"$(inherited)",
				);
				GCC_WARN_64_TO_32_BIT_CONVERSION = YES;
				GCC_WARN_ABOUT_RETURN_TYPE = YES_ERROR;
				GCC_WARN_UNDECLARED_SELECTOR = YES;
				GCC_WARN_UNINITIALIZED_AUTOS = YES_AGGRESSIVE;
				GCC_WARN_UNUSED_FUNCTION = YES;
				GCC_WARN_UNUSED_VARIABLE = YES;
				MACOSX_DEPLOYMENT_TARGET = 26.0;
				MTL_ENABLE_DEBUG_INFO = INCLUDE_SOURCE;
				MTL_FAST_MATH = YES;
				ONLY_ACTIVE_ARCH = YES;
				SDKROOT = macosx;
				SWIFT_ACTIVE_COMPILATION_CONDITIONS = DEBUG;
				SWIFT_OPTIMIZATION_LEVEL = "-Onone";
			};
			name = Debug;
		};
		4AA000010000000000000002 /* Release */ = {
			isa = XCBuildConfiguration;
			buildSettings = {
				ALWAYS_SEARCH_USER_PATHS = NO;
				CLANG_ANALYZER_NONNULL = YES;
				CLANG_ANALYZER_NUMBER_OBJECT_CONVERSION = YES_AGGRESSIVE;
				CLANG_CXX_LANGUAGE_STANDARD = "gnu++20";
				CLANG_ENABLE_MODULES = YES;
				CLANG_ENABLE_OBJC_ARC = YES;
				CLANG_ENABLE_OBJC_WEAK = YES;
				CLANG_WARN_BLOCK_CAPTURE_AUTORELEASING = YES;
				CLANG_WARN_BOOL_CONVERSION = YES;
				CLANG_WARN_COMMA = YES;
				CLANG_WARN_CONSTANT_CONVERSION = YES;
				CLANG_WARN_DEPRECATED_OBJC_IMPLEMENTATIONS = YES;
				CLANG_WARN_DIRECT_OBJC_ISA_USAGE = YES_ERROR;
				CLANG_WARN_DOCUMENTATION_COMMENTS = YES;
				CLANG_WARN_EMPTY_BODY = YES;
				CLANG_WARN_ENUM_CONVERSION = YES;
				CLANG_WARN_INFINITE_RECURSION = YES;
				CLANG_WARN_INT_CONVERSION = YES;
				CLANG_WARN_NON_LITERAL_NULL_CONVERSION = YES;
				CLANG_WARN_OBJC_IMPLICIT_RETAIN_SELF = YES;
				CLANG_WARN_OBJC_LITERAL_CONVERSION = YES;
				CLANG_WARN_OBJC_ROOT_CLASS = YES_ERROR;
				CLANG_WARN_QUOTED_INCLUDE_IN_FRAMEWORK_HEADER = YES;
				CLANG_WARN_RANGE_LOOP_ANALYSIS = YES;
				CLANG_WARN_STRICT_PROTOTYPES = YES;
				CLANG_WARN_SUSPICIOUS_MOVE = YES;
				CLANG_WARN_UNGUARDED_AVAILABILITY = YES_AGGRESSIVE;
				CLANG_WARN_UNREACHABLE_CODE = YES;
				CLANG_WARN__DUPLICATE_METHOD_MATCH = YES;
				COPY_PHASE_STRIP = NO;
				DEBUG_INFORMATION_FORMAT = "dwarf-with-dsym";
				ENABLE_NS_ASSERTIONS = NO;
				ENABLE_STRICT_OBJC_MSGSEND = YES;
				GCC_C_LANGUAGE_STANDARD = gnu17;
				GCC_NO_COMMON_BLOCKS = YES;
				GCC_WARN_64_TO_32_BIT_CONVERSION = YES;
				GCC_WARN_ABOUT_RETURN_TYPE = YES_ERROR;
				GCC_WARN_UNDECLARED_SELECTOR = YES;
				GCC_WARN_UNINITIALIZED_AUTOS = YES_AGGRESSIVE;
				GCC_WARN_UNUSED_FUNCTION = YES;
				GCC_WARN_UNUSED_VARIABLE = YES;
				MACOSX_DEPLOYMENT_TARGET = 26.0;
				MTL_ENABLE_DEBUG_INFO = NO;
				MTL_FAST_MATH = YES;
				SDKROOT = macosx;
				SWIFT_COMPILATION_MODE = wholemodule;
				SWIFT_OPTIMIZATION_LEVEL = "-O";
			};
			name = Release;
		};
		4AA000010000000000000003 /* Debug */ = {
			isa = XCBuildConfiguration;
			buildSettings = {
				CODE_SIGN_IDENTITY = "-";
				CODE_SIGN_STYLE = Manual;
				COMBINE_HIDPI_IMAGES = YES;
				CURRENT_PROJECT_VERSION = 1;
				DEVELOPMENT_TEAM = "";
				ENABLE_HARDENED_RUNTIME = NO;
				GENERATE_INFOPLIST_FILE = YES;
				INFOPLIST_KEY_CFBundleDisplayName = Forgis;
				INFOPLIST_KEY_LSApplicationCategoryType = "public.app-category.developer-tools";
				INFOPLIST_KEY_LSMinimumSystemVersion = 26.0;
				INFOPLIST_KEY_NSHumanReadableCopyright = "Forgis";
				INFOPLIST_KEY_NSPrincipalClass = NSApplication;
				LD_RUNPATH_SEARCH_PATHS = (
					"$(inherited)",
					"@executable_path/../Frameworks",
				);
				MACOSX_DEPLOYMENT_TARGET = 26.0;
				MARKETING_VERSION = 0.1.0;
				PRODUCT_BUNDLE_IDENTIFIER = com.Vita0818.ForgisMac;
				PRODUCT_NAME = "$(TARGET_NAME)";
				SDKROOT = macosx;
				SUPPORTED_PLATFORMS = macosx;
				SWIFT_EMIT_LOC_STRINGS = YES;
				SWIFT_VERSION = 5.9;
			};
			name = Debug;
		};
		4AA000010000000000000004 /* Release */ = {
			isa = XCBuildConfiguration;
			buildSettings = {
				CODE_SIGN_IDENTITY = "-";
				CODE_SIGN_STYLE = Manual;
				COMBINE_HIDPI_IMAGES = YES;
				CURRENT_PROJECT_VERSION = 1;
				DEVELOPMENT_TEAM = "";
				ENABLE_HARDENED_RUNTIME = NO;
				GENERATE_INFOPLIST_FILE = YES;
				INFOPLIST_KEY_CFBundleDisplayName = Forgis;
				INFOPLIST_KEY_LSApplicationCategoryType = "public.app-category.developer-tools";
				INFOPLIST_KEY_LSMinimumSystemVersion = 26.0;
				INFOPLIST_KEY_NSHumanReadableCopyright = "Forgis";
				INFOPLIST_KEY_NSPrincipalClass = NSApplication;
				LD_RUNPATH_SEARCH_PATHS = (
					"$(inherited)",
					"@executable_path/../Frameworks",
				);
				MACOSX_DEPLOYMENT_TARGET = 26.0;
				MARKETING_VERSION = 0.1.0;
				PRODUCT_BUNDLE_IDENTIFIER = com.Vita0818.ForgisMac;
				PRODUCT_NAME = "$(TARGET_NAME)";
				SDKROOT = macosx;
				SUPPORTED_PLATFORMS = macosx;
				SWIFT_EMIT_LOC_STRINGS = YES;
				SWIFT_VERSION = 5.9;
			};
			name = Release;
		};
/* End XCBuildConfiguration section */

/* Begin XCConfigurationList section */
		4A9000010000000000000001 /* Build configuration list for PBXProject "Forgis" */ = {
			isa = XCConfigurationList;
			buildConfigurations = (
				4AA000010000000000000001 /* Debug */,
				4AA000010000000000000002 /* Release */,
			);
			defaultConfigurationIsVisible = 0;
			defaultConfigurationName = Release;
		};
		4A9000010000000000000002 /* Build configuration list for PBXNativeTarget "ForgisMac" */ = {
			isa = XCConfigurationList;
			buildConfigurations = (
				4AA000010000000000000003 /* Debug */,
				4AA000010000000000000004 /* Release */,
			);
			defaultConfigurationIsVisible = 0;
			defaultConfigurationName = Release;
		};
/* End XCConfigurationList section */

/* Begin XCLocalSwiftPackageReference section */
		4AB000010000000000000001 /* XCLocalSwiftPackageReference "../Intatis" */ = {
			isa = XCLocalSwiftPackageReference;
			relativePath = ../Intatis;
		};
/* End XCLocalSwiftPackageReference section */

/* Begin XCSwiftPackageProductDependency section */
		4AC000010000000000000001 /* IntatisCore */ = {
			isa = XCSwiftPackageProductDependency;
			package = 4AB000010000000000000001 /* XCLocalSwiftPackageReference "../Intatis" */;
			productName = IntatisCore;
		};
		4AC000010000000000000002 /* IntatisCodexRuntime */ = {
			isa = XCSwiftPackageProductDependency;
			package = 4AB000010000000000000001 /* XCLocalSwiftPackageReference "../Intatis" */;
			productName = IntatisCodexRuntime;
		};
		4AC000010000000000000003 /* IntatisProtocol */ = {
			isa = XCSwiftPackageProductDependency;
			package = 4AB000010000000000000001 /* XCLocalSwiftPackageReference "../Intatis" */;
			productName = IntatisProtocol;
		};
		4AC000010000000000000004 /* IntatisProviders */ = {
			isa = XCSwiftPackageProductDependency;
			package = 4AB000010000000000000001 /* XCLocalSwiftPackageReference "../Intatis" */;
			productName = IntatisProviders;
		};
/* End XCSwiftPackageProductDependency section */
	};
	rootObject = 4A6000010000000000000001 /* Project object */;
}
